
Microsoft Visual Studio Solution File, Format Version 12.00
# Visual Studio 14
VisualStudioVersion = 14.0.25420.1
MinimumVisualStudioVersion = 10.0.40219.1
Project("{FAE04EC0-301F-11D3-BF4B-00C04F79EFBC}") = "EncryptLibrary", "EncryptLiblary\EncryptLibrary.csproj", "{C5C0B6D9-DF2D-4F6F-899B-8C3448C99BB5}"
EndProject
Project("{FAE04EC0-301F-11D3-BF4B-00C04F79EFBC}") = "StaticDBSerializer", "StaticDBSerializer\StaticDBSerializer.csproj", "{5D199B90-51D3-4B1C-9DDE-BA1031C54E56}"
EndProject
Project("{2150E333-8FDC-42A3-9474-1A3956D46DE8}") = "Static", "Static", "{FFD680E9-37C7-4CBB-B6C2-75F5966409F1}"
EndProject
Project("{2150E333-8FDC-42A3-9474-1A3956D46DE8}") = "Encrypt", "Encrypt", "{E91DD26F-D109-4D19-81EC-8B95A35EA81D}"
EndProject
Project("{2150E333-8FDC-42A3-9474-1A3956D46DE8}") = "MongoModel", "MongoModel", "{51C62185-24CC-4452-A8B2-F531B85880A3}"
EndProject
Project("{FAE04EC0-301F-11D3-BF4B-00C04F79EFBC}") = "MongoDBModel", "MongoDBModel\MongoDBModel.csproj", "{A394FFEB-510A-4F91-9AD0-6F3323DE8FCF}"
EndProject
Project("{2150E333-8FDC-42A3-9474-1A3956D46DE8}") = "DynamicDB", "DynamicDB", "{64285DDF-2761-4781-B159-CEADA7B8C1A4}"
EndProject
Project("{FAE04EC0-301F-11D3-BF4B-00C04F79EFBC}") = "DynamicDBModel", "DynamicDBModel\DynamicDBModel.csproj", "{608762D4-9DAD-4242-899A-2283BC6411E7}"
EndProject
Project("{FAE04EC0-301F-11D3-BF4B-00C04F79EFBC}") = "DynamicDBSerializer", "DynamicDBSerializer\DynamicDBSerializer.csproj", "{413B21B7-CE34-434F-B7C0-3147A1D43159}"
EndProject
Project("{2150E333-8FDC-42A3-9474-1A3956D46DE8}") = "GameServer", "GameServer", "{7FAFE810-68C3-4DA2-84ED-2685C267711D}"
EndProject
Project("{2150E333-8FDC-42A3-9474-1A3956D46DE8}") = "StaticReader", "StaticReader", "{A0720831-2902-4281-A776-B13B555A9A78}"
EndProject
Project("{FAE04EC0-301F-11D3-BF4B-00C04F79EFBC}") = "StaticDBExporter", "StaticDBExporter\StaticDBExporter.csproj", "{C6450A5A-FC11-45C5-8B6D-D5CA3F3E7AA8}"
EndProject
Project("{2150E333-8FDC-42A3-9474-1A3956D46DE8}") = "Simulator", "Simulator", "{AA10272E-D24B-4B52-A6AB-2BB6C1F0CB85}"
EndProject
Project("{2150E333-8FDC-42A3-9474-1A3956D46DE8}") = "Battle", "Battle", "{B3A3CDA2-874C-4339-B1B8-9AA7DCFCC4EE}"
EndProject
Project("{FAE04EC0-301F-11D3-BF4B-00C04F79EFBC}") = "BattleSimulator", "BattleSimulator\BattleSimulator.csproj", "{C2491339-CC54-4EA3-87F0-84B2B835D45E}"
EndProject
Project("{2150E333-8FDC-42A3-9474-1A3956D46DE8}") = "Tool", "Tool", "{8A89EE6A-E72E-4B91-A423-D5DB70E73487}"
EndProject
Project("{FAE04EC0-301F-11D3-BF4B-00C04F79EFBC}") = "KDQHNPHTool", "SKCNPHTool\KDQHNPHTool.csproj", "{661A3E27-9C4B-41A8-969A-663DF768D6E7}"
EndProject
Project("{FAE04EC0-301F-11D3-BF4B-00C04F79EFBC}") = "KDQHDesignerTool", "SKCDesignerTool\SKCDesignerTool\KDQHDesignerTool.csproj", "{41CF050C-C973-4E86-B927-DF24437A47F5}"
EndProject
Project("{FAE04EC0-301F-11D3-BF4B-00C04F79EFBC}") = "GameServer", "GameServer\GameServer.csproj", "{BA30677D-D6D7-4046-BBD5-E7B257AD9A46}"
EndProject
Project("{FAE04EC0-301F-11D3-BF4B-00C04F79EFBC}") = "GameServer.Common", "GameServer.Common\GameServer.Common.csproj", "{AB1F7C3F-B59A-4B6C-86BD-C16730E461AF}"
EndProject
Project("{FAE04EC0-301F-11D3-BF4B-00C04F79EFBC}") = "StaticDB", "StaticDB\StaticDB.csproj", "{6D6B9A53-EEF5-4AD2-B607-C1D199F9C854}"
EndProject
Project("{FAE04EC0-301F-11D3-BF4B-00C04F79EFBC}") = "GameConsoleClient", "GameConsoleClient\GameConsoleClient.csproj", "{186DBA77-BD85-4C86-BB2F-6A9F3F7B8A4F}"
EndProject
Global
	GlobalSection(SolutionConfigurationPlatforms) = preSolution
		Debug|Any CPU = Debug|Any CPU
		Debug|Mixed Platforms = Debug|Mixed Platforms
		Debug|x86 = Debug|x86
		Release|Any CPU = Release|Any CPU
		Release|Mixed Platforms = Release|Mixed Platforms
		Release|x86 = Release|x86
	EndGlobalSection
	GlobalSection(ProjectConfigurationPlatforms) = postSolution
		{C5C0B6D9-DF2D-4F6F-899B-8C3448C99BB5}.Debug|Any CPU.ActiveCfg = Debug|Any CPU
		{C5C0B6D9-DF2D-4F6F-899B-8C3448C99BB5}.Debug|Any CPU.Build.0 = Debug|Any CPU
		{C5C0B6D9-DF2D-4F6F-899B-8C3448C99BB5}.Debug|Mixed Platforms.ActiveCfg = Debug|Any CPU
		{C5C0B6D9-DF2D-4F6F-899B-8C3448C99BB5}.Debug|Mixed Platforms.Build.0 = Debug|Any CPU
		{C5C0B6D9-DF2D-4F6F-899B-8C3448C99BB5}.Debug|x86.ActiveCfg = Debug|Any CPU
		{C5C0B6D9-DF2D-4F6F-899B-8C3448C99BB5}.Debug|x86.Build.0 = Debug|Any CPU
		{C5C0B6D9-DF2D-4F6F-899B-8C3448C99BB5}.Release|Any CPU.ActiveCfg = Release|Any CPU
		{C5C0B6D9-DF2D-4F6F-899B-8C3448C99BB5}.Release|Any CPU.Build.0 = Release|Any CPU
		{C5C0B6D9-DF2D-4F6F-899B-8C3448C99BB5}.Release|Mixed Platforms.ActiveCfg = Release|Any CPU
		{C5C0B6D9-DF2D-4F6F-899B-8C3448C99BB5}.Release|Mixed Platforms.Build.0 = Release|Any CPU
		{C5C0B6D9-DF2D-4F6F-899B-8C3448C99BB5}.Release|x86.ActiveCfg = Release|Any CPU
		{C5C0B6D9-DF2D-4F6F-899B-8C3448C99BB5}.Release|x86.Build.0 = Release|Any CPU
		{5D199B90-51D3-4B1C-9DDE-BA1031C54E56}.Debug|Any CPU.ActiveCfg = Debug|x86
		{5D199B90-51D3-4B1C-9DDE-BA1031C54E56}.Debug|Mixed Platforms.ActiveCfg = Debug|x86
		{5D199B90-51D3-4B1C-9DDE-BA1031C54E56}.Debug|Mixed Platforms.Build.0 = Debug|x86
		{5D199B90-51D3-4B1C-9DDE-BA1031C54E56}.Debug|x86.ActiveCfg = Debug|x86
		{5D199B90-51D3-4B1C-9DDE-BA1031C54E56}.Debug|x86.Build.0 = Debug|x86
		{5D199B90-51D3-4B1C-9DDE-BA1031C54E56}.Release|Any CPU.ActiveCfg = Release|x86
		{5D199B90-51D3-4B1C-9DDE-BA1031C54E56}.Release|Mixed Platforms.ActiveCfg = Release|x86
		{5D199B90-51D3-4B1C-9DDE-BA1031C54E56}.Release|Mixed Platforms.Build.0 = Release|x86
		{5D199B90-51D3-4B1C-9DDE-BA1031C54E56}.Release|x86.ActiveCfg = Release|x86
		{5D199B90-51D3-4B1C-9DDE-BA1031C54E56}.Release|x86.Build.0 = Release|x86
		{A394FFEB-510A-4F91-9AD0-6F3323DE8FCF}.Debug|Any CPU.ActiveCfg = Debug|Any CPU
		{A394FFEB-510A-4F91-9AD0-6F3323DE8FCF}.Debug|Any CPU.Build.0 = Debug|Any CPU
		{A394FFEB-510A-4F91-9AD0-6F3323DE8FCF}.Debug|Mixed Platforms.ActiveCfg = Debug|Any CPU
		{A394FFEB-510A-4F91-9AD0-6F3323DE8FCF}.Debug|Mixed Platforms.Build.0 = Debug|Any CPU
		{A394FFEB-510A-4F91-9AD0-6F3323DE8FCF}.Debug|x86.ActiveCfg = Debug|Any CPU
		{A394FFEB-510A-4F91-9AD0-6F3323DE8FCF}.Release|Any CPU.ActiveCfg = Release|Any CPU
		{A394FFEB-510A-4F91-9AD0-6F3323DE8FCF}.Release|Any CPU.Build.0 = Release|Any CPU
		{A394FFEB-510A-4F91-9AD0-6F3323DE8FCF}.Release|Mixed Platforms.ActiveCfg = Release|Any CPU
		{A394FFEB-510A-4F91-9AD0-6F3323DE8FCF}.Release|Mixed Platforms.Build.0 = Release|Any CPU
		{A394FFEB-510A-4F91-9AD0-6F3323DE8FCF}.Release|x86.ActiveCfg = Release|Any CPU
		{608762D4-9DAD-4242-899A-2283BC6411E7}.Debug|Any CPU.ActiveCfg = Debug|Any CPU
		{608762D4-9DAD-4242-899A-2283BC6411E7}.Debug|Any CPU.Build.0 = Debug|Any CPU
		{608762D4-9DAD-4242-899A-2283BC6411E7}.Debug|Mixed Platforms.ActiveCfg = Debug|Any CPU
		{608762D4-9DAD-4242-899A-2283BC6411E7}.Debug|Mixed Platforms.Build.0 = Debug|Any CPU
		{608762D4-9DAD-4242-899A-2283BC6411E7}.Debug|x86.ActiveCfg = Debug|Any CPU
		{608762D4-9DAD-4242-899A-2283BC6411E7}.Release|Any CPU.ActiveCfg = Release|Any CPU
		{608762D4-9DAD-4242-899A-2283BC6411E7}.Release|Any CPU.Build.0 = Release|Any CPU
		{608762D4-9DAD-4242-899A-2283BC6411E7}.Release|Mixed Platforms.ActiveCfg = Release|Any CPU
		{608762D4-9DAD-4242-899A-2283BC6411E7}.Release|Mixed Platforms.Build.0 = Release|Any CPU
		{608762D4-9DAD-4242-899A-2283BC6411E7}.Release|x86.ActiveCfg = Release|Any CPU
		{413B21B7-CE34-434F-B7C0-3147A1D43159}.Debug|Any CPU.ActiveCfg = Debug|Any CPU
		{413B21B7-CE34-434F-B7C0-3147A1D43159}.Debug|Any CPU.Build.0 = Debug|Any CPU
		{413B21B7-CE34-434F-B7C0-3147A1D43159}.Debug|Mixed Platforms.ActiveCfg = Debug|Any CPU
		{413B21B7-CE34-434F-B7C0-3147A1D43159}.Debug|Mixed Platforms.Build.0 = Debug|Any CPU
		{413B21B7-CE34-434F-B7C0-3147A1D43159}.Debug|x86.ActiveCfg = Debug|Any CPU
		{413B21B7-CE34-434F-B7C0-3147A1D43159}.Release|Any CPU.ActiveCfg = Release|Any CPU
		{413B21B7-CE34-434F-B7C0-3147A1D43159}.Release|Any CPU.Build.0 = Release|Any CPU
		{413B21B7-CE34-434F-B7C0-3147A1D43159}.Release|Mixed Platforms.ActiveCfg = Release|Any CPU
		{413B21B7-CE34-434F-B7C0-3147A1D43159}.Release|Mixed Platforms.Build.0 = Release|Any CPU
		{413B21B7-CE34-434F-B7C0-3147A1D43159}.Release|x86.ActiveCfg = Release|Any CPU
		{C6450A5A-FC11-45C5-8B6D-D5CA3F3E7AA8}.Debug|Any CPU.ActiveCfg = Debug|Any CPU
		{C6450A5A-FC11-45C5-8B6D-D5CA3F3E7AA8}.Debug|Any CPU.Build.0 = Debug|Any CPU
		{C6450A5A-FC11-45C5-8B6D-D5CA3F3E7AA8}.Debug|Mixed Platforms.ActiveCfg = Debug|Any CPU
		{C6450A5A-FC11-45C5-8B6D-D5CA3F3E7AA8}.Debug|Mixed Platforms.Build.0 = Debug|Any CPU
		{C6450A5A-FC11-45C5-8B6D-D5CA3F3E7AA8}.Debug|x86.ActiveCfg = Debug|Any CPU
		{C6450A5A-FC11-45C5-8B6D-D5CA3F3E7AA8}.Release|Any CPU.ActiveCfg = Release|Any CPU
		{C6450A5A-FC11-45C5-8B6D-D5CA3F3E7AA8}.Release|Any CPU.Build.0 = Release|Any CPU
		{C6450A5A-FC11-45C5-8B6D-D5CA3F3E7AA8}.Release|Mixed Platforms.ActiveCfg = Release|Any CPU
		{C6450A5A-FC11-45C5-8B6D-D5CA3F3E7AA8}.Release|Mixed Platforms.Build.0 = Release|Any CPU
		{C6450A5A-FC11-45C5-8B6D-D5CA3F3E7AA8}.Release|x86.ActiveCfg = Release|Any CPU
		{C2491339-CC54-4EA3-87F0-84B2B835D45E}.Debug|Any CPU.ActiveCfg = Debug|Any CPU
		{C2491339-CC54-4EA3-87F0-84B2B835D45E}.Debug|Any CPU.Build.0 = Debug|Any CPU
		{C2491339-CC54-4EA3-87F0-84B2B835D45E}.Debug|Mixed Platforms.ActiveCfg = Debug|Any CPU
		{C2491339-CC54-4EA3-87F0-84B2B835D45E}.Debug|Mixed Platforms.Build.0 = Debug|Any CPU
		{C2491339-CC54-4EA3-87F0-84B2B835D45E}.Debug|x86.ActiveCfg = Debug|Any CPU
		{C2491339-CC54-4EA3-87F0-84B2B835D45E}.Release|Any CPU.ActiveCfg = Release|Any CPU
		{C2491339-CC54-4EA3-87F0-84B2B835D45E}.Release|Any CPU.Build.0 = Release|Any CPU
		{C2491339-CC54-4EA3-87F0-84B2B835D45E}.Release|Mixed Platforms.ActiveCfg = Release|Any CPU
		{C2491339-CC54-4EA3-87F0-84B2B835D45E}.Release|Mixed Platforms.Build.0 = Release|Any CPU
		{C2491339-CC54-4EA3-87F0-84B2B835D45E}.Release|x86.ActiveCfg = Release|Any CPU
		{661A3E27-9C4B-41A8-969A-663DF768D6E7}.Debug|Any CPU.ActiveCfg = Debug|Any CPU
		{661A3E27-9C4B-41A8-969A-663DF768D6E7}.Debug|Any CPU.Build.0 = Debug|Any CPU
		{661A3E27-9C4B-41A8-969A-663DF768D6E7}.Debug|Mixed Platforms.ActiveCfg = Debug|Any CPU
		{661A3E27-9C4B-41A8-969A-663DF768D6E7}.Debug|Mixed Platforms.Build.0 = Debug|Any CPU
		{661A3E27-9C4B-41A8-969A-663DF768D6E7}.Debug|x86.ActiveCfg = Debug|Any CPU
		{661A3E27-9C4B-41A8-969A-663DF768D6E7}.Release|Any CPU.ActiveCfg = Release|Any CPU
		{661A3E27-9C4B-41A8-969A-663DF768D6E7}.Release|Any CPU.Build.0 = Release|Any CPU
		{661A3E27-9C4B-41A8-969A-663DF768D6E7}.Release|Mixed Platforms.ActiveCfg = Release|Any CPU
		{661A3E27-9C4B-41A8-969A-663DF768D6E7}.Release|Mixed Platforms.Build.0 = Release|Any CPU
		{661A3E27-9C4B-41A8-969A-663DF768D6E7}.Release|x86.ActiveCfg = Release|Any CPU
		{41CF050C-C973-4E86-B927-DF24437A47F5}.Debug|Any CPU.ActiveCfg = Debug|Any CPU
		{41CF050C-C973-4E86-B927-DF24437A47F5}.Debug|Any CPU.Build.0 = Debug|Any CPU
		{41CF050C-C973-4E86-B927-DF24437A47F5}.Debug|Mixed Platforms.ActiveCfg = Debug|Any CPU
		{41CF050C-C973-4E86-B927-DF24437A47F5}.Debug|Mixed Platforms.Build.0 = Debug|Any CPU
		{41CF050C-C973-4E86-B927-DF24437A47F5}.Debug|x86.ActiveCfg = Debug|Any CPU
		{41CF050C-C973-4E86-B927-DF24437A47F5}.Release|Any CPU.ActiveCfg = Release|Any CPU
		{41CF050C-C973-4E86-B927-DF24437A47F5}.Release|Any CPU.Build.0 = Release|Any CPU
		{41CF050C-C973-4E86-B927-DF24437A47F5}.Release|Mixed Platforms.ActiveCfg = Release|Any CPU
		{41CF050C-C973-4E86-B927-DF24437A47F5}.Release|Mixed Platforms.Build.0 = Release|Any CPU
		{41CF050C-C973-4E86-B927-DF24437A47F5}.Release|x86.ActiveCfg = Release|Any CPU
		{BA30677D-D6D7-4046-BBD5-E7B257AD9A46}.Debug|Any CPU.ActiveCfg = Debug|Any CPU
		{BA30677D-D6D7-4046-BBD5-E7B257AD9A46}.Debug|Any CPU.Build.0 = Debug|Any CPU
		{BA30677D-D6D7-4046-BBD5-E7B257AD9A46}.Debug|Mixed Platforms.ActiveCfg = Debug|Any CPU
		{BA30677D-D6D7-4046-BBD5-E7B257AD9A46}.Debug|Mixed Platforms.Build.0 = Debug|Any CPU
		{BA30677D-D6D7-4046-BBD5-E7B257AD9A46}.Debug|x86.ActiveCfg = Debug|Any CPU
		{BA30677D-D6D7-4046-BBD5-E7B257AD9A46}.Debug|x86.Build.0 = Debug|Any CPU
		{BA30677D-D6D7-4046-BBD5-E7B257AD9A46}.Release|Any CPU.ActiveCfg = Release|Any CPU
		{BA30677D-D6D7-4046-BBD5-E7B257AD9A46}.Release|Any CPU.Build.0 = Release|Any CPU
		{BA30677D-D6D7-4046-BBD5-E7B257AD9A46}.Release|Mixed Platforms.ActiveCfg = Release|Any CPU
		{BA30677D-D6D7-4046-BBD5-E7B257AD9A46}.Release|Mixed Platforms.Build.0 = Release|Any CPU
		{BA30677D-D6D7-4046-BBD5-E7B257AD9A46}.Release|x86.ActiveCfg = Release|Any CPU
		{BA30677D-D6D7-4046-BBD5-E7B257AD9A46}.Release|x86.Build.0 = Release|Any CPU
		{AB1F7C3F-B59A-4B6C-86BD-C16730E461AF}.Debug|Any CPU.ActiveCfg = Debug|Any CPU
		{AB1F7C3F-B59A-4B6C-86BD-C16730E461AF}.Debug|Any CPU.Build.0 = Debug|Any CPU
		{AB1F7C3F-B59A-4B6C-86BD-C16730E461AF}.Debug|Mixed Platforms.ActiveCfg = Debug|Any CPU
		{AB1F7C3F-B59A-4B6C-86BD-C16730E461AF}.Debug|Mixed Platforms.Build.0 = Debug|Any CPU
		{AB1F7C3F-B59A-4B6C-86BD-C16730E461AF}.Debug|x86.ActiveCfg = Debug|Any CPU
		{AB1F7C3F-B59A-4B6C-86BD-C16730E461AF}.Debug|x86.Build.0 = Debug|Any CPU
		{AB1F7C3F-B59A-4B6C-86BD-C16730E461AF}.Release|Any CPU.ActiveCfg = Release|Any CPU
		{AB1F7C3F-B59A-4B6C-86BD-C16730E461AF}.Release|Any CPU.Build.0 = Release|Any CPU
		{AB1F7C3F-B59A-4B6C-86BD-C16730E461AF}.Release|Mixed Platforms.ActiveCfg = Release|Any CPU
		{AB1F7C3F-B59A-4B6C-86BD-C16730E461AF}.Release|Mixed Platforms.Build.0 = Release|Any CPU
		{AB1F7C3F-B59A-4B6C-86BD-C16730E461AF}.Release|x86.ActiveCfg = Release|Any CPU
		{AB1F7C3F-B59A-4B6C-86BD-C16730E461AF}.Release|x86.Build.0 = Release|Any CPU
		{6D6B9A53-EEF5-4AD2-B607-C1D199F9C854}.Debug|Any CPU.ActiveCfg = Debug|Any CPU
		{6D6B9A53-EEF5-4AD2-B607-C1D199F9C854}.Debug|Any CPU.Build.0 = Debug|Any CPU
		{6D6B9A53-EEF5-4AD2-B607-C1D199F9C854}.Debug|Mixed Platforms.ActiveCfg = Debug|Any CPU
		{6D6B9A53-EEF5-4AD2-B607-C1D199F9C854}.Debug|Mixed Platforms.Build.0 = Debug|Any CPU
		{6D6B9A53-EEF5-4AD2-B607-C1D199F9C854}.Debug|x86.ActiveCfg = Debug|Any CPU
		{6D6B9A53-EEF5-4AD2-B607-C1D199F9C854}.Debug|x86.Build.0 = Debug|Any CPU
		{6D6B9A53-EEF5-4AD2-B607-C1D199F9C854}.Release|Any CPU.ActiveCfg = Release|Any CPU
		{6D6B9A53-EEF5-4AD2-B607-C1D199F9C854}.Release|Any CPU.Build.0 = Release|Any CPU
		{6D6B9A53-EEF5-4AD2-B607-C1D199F9C854}.Release|Mixed Platforms.ActiveCfg = Release|Any CPU
		{6D6B9A53-EEF5-4AD2-B607-C1D199F9C854}.Release|Mixed Platforms.Build.0 = Release|Any CPU
		{6D6B9A53-EEF5-4AD2-B607-C1D199F9C854}.Release|x86.ActiveCfg = Release|Any CPU
		{6D6B9A53-EEF5-4AD2-B607-C1D199F9C854}.Release|x86.Build.0 = Release|Any CPU
		{186DBA77-BD85-4C86-BB2F-6A9F3F7B8A4F}.Debug|Any CPU.ActiveCfg = Debug|Any CPU
		{186DBA77-BD85-4C86-BB2F-6A9F3F7B8A4F}.Debug|Any CPU.Build.0 = Debug|Any CPU
		{186DBA77-BD85-4C86-BB2F-6A9F3F7B8A4F}.Debug|Mixed Platforms.ActiveCfg = Debug|Any CPU
		{186DBA77-BD85-4C86-BB2F-6A9F3F7B8A4F}.Debug|Mixed Platforms.Build.0 = Debug|Any CPU
		{186DBA77-BD85-4C86-BB2F-6A9F3F7B8A4F}.Debug|x86.ActiveCfg = Debug|Any CPU
		{186DBA77-BD85-4C86-BB2F-6A9F3F7B8A4F}.Debug|x86.Build.0 = Debug|Any CPU
		{186DBA77-BD85-4C86-BB2F-6A9F3F7B8A4F}.Release|Any CPU.ActiveCfg = Release|Any CPU
		{186DBA77-BD85-4C86-BB2F-6A9F3F7B8A4F}.Release|Any CPU.Build.0 = Release|Any CPU
		{186DBA77-BD85-4C86-BB2F-6A9F3F7B8A4F}.Release|Mixed Platforms.ActiveCfg = Release|Any CPU
		{186DBA77-BD85-4C86-BB2F-6A9F3F7B8A4F}.Release|Mixed Platforms.Build.0 = Release|Any CPU
		{186DBA77-BD85-4C86-BB2F-6A9F3F7B8A4F}.Release|x86.ActiveCfg = Release|Any CPU
		{186DBA77-BD85-4C86-BB2F-6A9F3F7B8A4F}.Release|x86.Build.0 = Release|Any CPU
	EndGlobalSection
	GlobalSection(SolutionProperties) = preSolution
		HideSolutionNode = FALSE
	EndGlobalSection
	GlobalSection(NestedProjects) = preSolution
		{C5C0B6D9-DF2D-4F6F-899B-8C3448C99BB5} = {E91DD26F-D109-4D19-81EC-8B95A35EA81D}
		{5D199B90-51D3-4B1C-9DDE-BA1031C54E56} = {FFD680E9-37C7-4CBB-B6C2-75F5966409F1}
		{A394FFEB-510A-4F91-9AD0-6F3323DE8FCF} = {51C62185-24CC-4452-A8B2-F531B85880A3}
		{608762D4-9DAD-4242-899A-2283BC6411E7} = {64285DDF-2761-4781-B159-CEADA7B8C1A4}
		{413B21B7-CE34-434F-B7C0-3147A1D43159} = {64285DDF-2761-4781-B159-CEADA7B8C1A4}
		{C6450A5A-FC11-45C5-8B6D-D5CA3F3E7AA8} = {A0720831-2902-4281-A776-B13B555A9A78}
		{C2491339-CC54-4EA3-87F0-84B2B835D45E} = {B3A3CDA2-874C-4339-B1B8-9AA7DCFCC4EE}
		{661A3E27-9C4B-41A8-969A-663DF768D6E7} = {8A89EE6A-E72E-4B91-A423-D5DB70E73487}
		{41CF050C-C973-4E86-B927-DF24437A47F5} = {8A89EE6A-E72E-4B91-A423-D5DB70E73487}
		{BA30677D-D6D7-4046-BBD5-E7B257AD9A46} = {7FAFE810-68C3-4DA2-84ED-2685C267711D}
		{AB1F7C3F-B59A-4B6C-86BD-C16730E461AF} = {7FAFE810-68C3-4DA2-84ED-2685C267711D}
		{6D6B9A53-EEF5-4AD2-B607-C1D199F9C854} = {FFD680E9-37C7-4CBB-B6C2-75F5966409F1}
		{186DBA77-BD85-4C86-BB2F-6A9F3F7B8A4F} = {AA10272E-D24B-4B52-A6AB-2BB6C1F0CB85}
	EndGlobalSection
EndGlobal
